
Microsoft Visual Studio Solution File, Format Version 12.00
# Visual Studio Version 17
VisualStudioVersion = 17.0.32112.339
MinimumVisualStudioVersion = 10.0.40219.1
Project("{FAE04EC0-301F-11D3-BF4B-00C04F79EFBC}") = "Invoice Model Comparison", "Invoice Model Comparison.csproj", "{5F233156-F838-494E-B9F4-806A1961D0DB}"
EndProject
Global
	GlobalSection(SolutionConfigurationPlatforms) = preSolution
		Debug|x86 = Debug|x86
		Release|x86 = Release|x86
	EndGlobalSection
	GlobalSection(ProjectConfigurationPlatforms) = postSolution
		{5F233156-F838-494E-B9F4-806A1961D0DB}.Debug|x86.ActiveCfg = Debug|x86
		{5F233156-F838-494E-B9F4-806A1961D0DB}.Debug|x86.Build.0 = Debug|x86
		{5F233156-F838-494E-B9F4-806A1961D0DB}.Release|x86.ActiveCfg = Release|x86
		{5F233156-F838-494E-B9F4-806A1961D0DB}.Release|x86.Build.0 = Release|x86
	EndGlobalSection
	GlobalSection(SolutionProperties) = preSolution
		HideSolutionNode = FALSE
	EndGlobalSection
	GlobalSection(ExtensibilityGlobals) = postSolution
		SolutionGuid = {F3596E67-18C6-4C05-8FBE-99710B524A69}
	EndGlobalSection
EndGlobal
